// !$*UTF8*$!
{
	archiveVersion = 1;
	classes = {
	};
	objectVersion = 55;
	objects = {

/* Begin PBXBuildFile section */
		66EB9164F117CE3480BFF807 /* Pods_RickAndMorty.framework in Frameworks */ = {isa = PBXBuildFile; fileRef = 725426DFDD48E3D6CF72FA12 /* Pods_RickAndMorty.framework */; };
		7DA9157828086CE5003E69BE /* AppDelegate.swift in Sources */ = {isa = PBXBuildFile; fileRef = 7DA9157728086CE5003E69BE /* AppDelegate.swift */; };
		7DA9157A28086CE5003E69BE /* SceneDelegate.swift in Sources */ = {isa = PBXBuildFile; fileRef = 7DA9157928086CE5003E69BE /* SceneDelegate.swift */; };
		7DA9157C28086CE5003E69BE /* ViewController.swift in Sources */ = {isa = PBXBuildFile; fileRef = 7DA9157B28086CE5003E69BE /* ViewController.swift */; };
		7DA9157F28086CE5003E69BE /* Main.storyboard in Resources */ = {isa = PBXBuildFile; fileRef = 7DA9157D28086CE5003E69BE /* Main.storyboard */; };
		7DA9158128086CE6003E69BE /* Assets.xcassets in Resources */ = {isa = PBXBuildFile; fileRef = 7DA9158028086CE6003E69BE /* Assets.xcassets */; };
		7DA9158428086CE6003E69BE /* LaunchScreen.storyboard in Resources */ = {isa = PBXBuildFile; fileRef = 7DA9158228086CE6003E69BE /* LaunchScreen.storyboard */; };
		7DA9158C28086EE0003E69BE /* Heroes.swift in Sources */ = {isa = PBXBuildFile; fileRef = 7DA9158B28086EE0003E69BE /* Heroes.swift */; };
		7DA9158E28086F15003E69BE /* NetworkManager.swift in Sources */ = {isa = PBXBuildFile; fileRef = 7DA9158D28086F15003E69BE /* NetworkManager.swift */; };
		7DA915912808A07C003E69BE /* NetworkDataFetcher.swift in Sources */ = {isa = PBXBuildFile; fileRef = 7DA915902808A07C003E69BE /* NetworkDataFetcher.swift */; };
		7DA915932808E2F3003E69BE /* CustomTableViewCell.swift in Sources */ = {isa = PBXBuildFile; fileRef = 7DA915922808E2F3003E69BE /* CustomTableViewCell.swift */; };
/* End PBXBuildFile section */

/* Begin PBXFileReference section */
		6A46A558F9BCF55A9794CF7B /* Pods-RickAndMorty.debug.xcconfig */ = {isa = PBXFileReference; includeInIndex = 1; lastKnownFileType = text.xcconfig; name = "Pods-RickAndMorty.debug.xcconfig"; path = "Target Support Files/Pods-RickAndMorty/Pods-RickAndMorty.debug.xcconfig"; sourceTree = "<group>"; };
		725426DFDD48E3D6CF72FA12 /* Pods_RickAndMorty.framework */ = {isa = PBXFileReference; explicitFileType = wrapper.framework; includeInIndex = 0; path = Pods_RickAndMorty.framework; sourceTree = BUILT_PRODUCTS_DIR; };
		7DA9157428086CE5003E69BE /* RickAndMorty.app */ = {isa = PBXFileReference; explicitFileType = wrapper.application; includeInIndex = 0; path = RickAndMorty.app; sourceTree = BUILT_PRODUCTS_DIR; };
		7DA9157728086CE5003E69BE /* AppDelegate.swift */ = {isa = PBXFileReference; lastKnownFileType = sourcecode.swift; path = AppDelegate.swift; sourceTree = "<group>"; };
		7DA9157928086CE5003E69BE /* SceneDelegate.swift */ = {isa = PBXFileReference; lastKnownFileType = sourcecode.swift; path = SceneDelegate.swift; sourceTree = "<group>"; };
		7DA9157B28086CE5003E69BE /* ViewController.swift */ = {isa = PBXFileReference; lastKnownFileType = sourcecode.swift; path = ViewController.swift; sourceTree = "<group>"; };
		7DA9157E28086CE5003E69BE /* Base */ = {isa = PBXFileReference; lastKnownFileType = file.storyboard; name = Base; path = Base.lproj/Main.storyboard; sourceTree = "<group>"; };
		7DA9158028086CE6003E69BE /* Assets.xcassets */ = {isa = PBXFileReference; lastKnownFileType = folder.assetcatalog; path = Assets.xcassets; sourceTree = "<group>"; };
		7DA9158328086CE6003E69BE /* Base */ = {isa = PBXFileReference; lastKnownFileType = file.storyboard; name = Base; path = Base.lproj/LaunchScreen.storyboard; sourceTree = "<group>"; };
		7DA9158528086CE6003E69BE /* Info.plist */ = {isa = PBXFileReference; lastKnownFileType = text.plist.xml; path = Info.plist; sourceTree = "<group>"; };
		7DA9158B28086EE0003E69BE /* Heroes.swift */ = {isa = PBXFileReference; lastKnownFileType = sourcecode.swift; path = Heroes.swift; sourceTree = "<group>"; };
		7DA9158D28086F15003E69BE /* NetworkManager.swift */ = {isa = PBXFileReference; lastKnownFileType = sourcecode.swift; path = NetworkManager.swift; sourceTree = "<group>"; };
		7DA915902808A07C003E69BE /* NetworkDataFetcher.swift */ = {isa = PBXFileReference; lastKnownFileType = sourcecode.swift; path = NetworkDataFetcher.swift; sourceTree = "<group>"; };
		7DA915922808E2F3003E69BE /* CustomTableViewCell.swift */ = {isa = PBXFileReference; lastKnownFileType = sourcecode.swift; path = CustomTableViewCell.swift; sourceTree = "<group>"; };
		EF116FA63D5543C78AEB02F8 /* Pods-RickAndMorty.release.xcconfig */ = {isa = PBXFileReference; includeInIndex = 1; lastKnownFileType = text.xcconfig; name = "Pods-RickAndMorty.release.xcconfig"; path = "Target Support Files/Pods-RickAndMorty/Pods-RickAndMorty.release.xcconfig"; sourceTree = "<group>"; };
/* End PBXFileReference section */

/* Begin PBXFrameworksBuildPhase section */
		7DA9157128086CE5003E69BE /* Frameworks */ = {
			isa = PBXFrameworksBuildPhase;
			buildActionMask = 2147483647;
			files = (
				66EB9164F117CE3480BFF807 /* Pods_RickAndMorty.framework in Frameworks */,
			);
			runOnlyForDeploymentPostprocessing = 0;
		};
/* End PBXFrameworksBuildPhase section */

/* Begin PBXGroup section */
		7DA9156B28086CE5003E69BE = {
			isa = PBXGroup;
			children = (
				7DA9157628086CE5003E69BE /* RickAndMorty */,
				7DA9157528086CE5003E69BE /* Products */,
				AE3DFCB13900C08EA30C6FC6 /* Pods */,
				92F7C49AC3C1284A9264BDE7 /* Frameworks */,
			);
			sourceTree = "<group>";
		};
		7DA9157528086CE5003E69BE /* Products */ = {
			isa = PBXGroup;
			children = (
				7DA9157428086CE5003E69BE /* RickAndMorty.app */,
			);
			name = Products;
			sourceTree = "<group>";
		};
		7DA9157628086CE5003E69BE /* RickAndMorty */ = {
			isa = PBXGroup;
			children = (
				7DA9157728086CE5003E69BE /* AppDelegate.swift */,
				7DA9157928086CE5003E69BE /* SceneDelegate.swift */,
				7DA9158F28086F1D003E69BE /* Model */,
				7DA915942808E2F7003E69BE /* View */,
				7DA9157B28086CE5003E69BE /* ViewController.swift */,
				7DA9157D28086CE5003E69BE /* Main.storyboard */,
				7DA9158028086CE6003E69BE /* Assets.xcassets */,
				7DA9158228086CE6003E69BE /* LaunchScreen.storyboard */,
				7DA9158528086CE6003E69BE /* Info.plist */,
			);
			path = RickAndMorty;
			sourceTree = "<group>";
		};
		7DA9158F28086F1D003E69BE /* Model */ = {
			isa = PBXGroup;
			children = (
				7DA9158B28086EE0003E69BE /* Heroes.swift */,
				7DA9158D28086F15003E69BE /* NetworkManager.swift */,
				7DA915902808A07C003E69BE /* NetworkDataFetcher.swift */,
			);
			path = Model;
			sourceTree = "<group>";
		};
		7DA915942808E2F7003E69BE /* View */ = {
			isa = PBXGroup;
			children = (
				7DA915922808E2F3003E69BE /* CustomTableViewCell.swift */,
			);
			path = View;
			sourceTree = "<group>";
		};
		92F7C49AC3C1284A9264BDE7 /* Frameworks */ = {
			isa = PBXGroup;
			children = (
				725426DFDD48E3D6CF72FA12 /* Pods_RickAndMorty.framework */,
			);
			name = Frameworks;
			sourceTree = "<group>";
		};
		AE3DFCB13900C08EA30C6FC6 /* Pods */ = {
			isa = PBXGroup;
			children = (
				6A46A558F9BCF55A9794CF7B /* Pods-RickAndMorty.debug.xcconfig */,
				EF116FA63D5543C78AEB02F8 /* Pods-RickAndMorty.release.xcconfig */,
			);
			name = Pods;
			path = Pods;
			sourceTree = "<group>";
		};
/* End PBXGroup section */

/* Begin PBXNativeTarget section */
		7DA9157328086CE5003E69BE /* RickAndMorty */ = {
			isa = PBXNativeTarget;
			buildConfigurationList = 7DA9158828086CE6003E69BE /* Build configuration list for PBXNativeTarget "RickAndMorty" */;
			buildPhases = (
				A978DCF8FA62438B6517354C /* [CP] Check Pods Manifest.lock */,
				7DA9157028086CE5003E69BE /* Sources */,
				7DA9157128086CE5003E69BE /* Frameworks */,
				7DA9157228086CE5003E69BE /* Resources */,
				113B11967262EC16C9299F8B /* [CP] Embed Pods Frameworks */,
			);
			buildRules = (
			);
			dependencies = (
			);
			name = RickAndMorty;
			productName = RickAndMorty;
			productReference = 7DA9157428086CE5003E69BE /* RickAndMorty.app */;
			productType = "com.apple.product-type.application";
		};
/* End PBXNativeTarget section */

/* Begin PBXProject section */
		7DA9156C28086CE5003E69BE /* Project object */ = {
			isa = PBXProject;
			attributes = {
				BuildIndependentTargetsInParallel = 1;
				LastSwiftUpdateCheck = 1330;
				LastUpgradeCheck = 1330;
				TargetAttributes = {
					7DA9157328086CE5003E69BE = {
						CreatedOnToolsVersion = 13.3.1;
					};
				};
			};
			buildConfigurationList = 7DA9156F28086CE5003E69BE /* Build configuration list for PBXProject "RickAndMorty" */;
			compatibilityVersion = "Xcode 13.0";
			developmentRegion = en;
			hasScannedForEncodings = 0;
			knownRegions = (
				en,
				Base,
			);
			mainGroup = 7DA9156B28086CE5003E69BE;
			productRefGroup = 7DA9157528086CE5003E69BE /* Products */;
			projectDirPath = "";
			projectRoot = "";
			targets = (
				7DA9157328086CE5003E69BE /* RickAndMorty */,
			);
		};
/* End PBXProject section */

/* Begin PBXResourcesBuildPhase section */
		7DA9157228086CE5003E69BE /* Resources */ = {
			isa = PBXResourcesBuildPhase;
			buildActionMask = 2147483647;
			files = (
				7DA9158428086CE6003E69BE /* LaunchScreen.storyboard in Resources */,
				7DA9158128086CE6003E69BE /* Assets.xcassets in Resources */,
				7DA9157F28086CE5003E69BE /* Main.storyboard in Resources */,
			);
			runOnlyForDeploymentPostprocessing = 0;
		};
/* End PBXResourcesBuildPhase section */

/* Begin PBXShellScriptBuildPhase section */
		113B11967262EC16C9299F8B /* [CP] Embed Pods Frameworks */ = {
			isa = PBXShellScriptBuildPhase;
			buildActionMask = 2147483647;
			files = (
			);
			inputFileListPaths = (
				"${PODS_ROOT}/Target Support Files/Pods-RickAndMorty/Pods-RickAndMorty-frameworks-${CONFIGURATION}-input-files.xcfilelist",
			);
			name = "[CP] Embed Pods Frameworks";
			outputFileListPaths = (
				"${PODS_ROOT}/Target Support Files/Pods-RickAndMorty/Pods-RickAndMorty-frameworks-${CONFIGURATION}-output-files.xcfilelist",
			);
			runOnlyForDeploymentPostprocessing = 0;
			shellPath = /bin/sh;
			shellScript = "\"${PODS_ROOT}/Target Support Files/Pods-RickAndMorty/Pods-RickAndMorty-frameworks.sh\"\n";
			showEnvVarsInLog = 0;
		};
		A978DCF8FA62438B6517354C /* [CP] Check Pods Manifest.lock */ = {
			isa = PBXShellScriptBuildPhase;
			buildActionMask = 2147483647;
			files = (
			);
			inputFileListPaths = (
			);
			inputPaths = (
				"${PODS_PODFILE_DIR_PATH}/Podfile.lock",
				"${PODS_ROOT}/Manifest.lock",
			);
			name = "[CP] Check Pods Manifest.lock";
			outputFileListPaths = (
			);
			outputPaths = (
				"$(DERIVED_FILE_DIR)/Pods-RickAndMorty-checkManifestLockResult.txt",
			);
			runOnlyForDeploymentPostprocessing = 0;
			shellPath = /bin/sh;
			shellScript = "diff \"${PODS_PODFILE_DIR_PATH}/Podfile.lock\" \"${PODS_ROOT}/Manifest.lock\" > /dev/null\nif [ $? != 0 ] ; then\n    # print error to STDERR\n    echo \"error: The sandbox is not in sync with the Podfile.lock. Run 'pod install' or update your CocoaPods installation.\" >&2\n    exit 1\nfi\n# This output is used by Xcode 'outputs' to avoid re-running this script phase.\necho \"SUCCESS\" > \"${SCRIPT_OUTPUT_FILE_0}\"\n";
			showEnvVarsInLog = 0;
		};
/* End PBXShellScriptBuildPhase section */

/* Begin PBXSourcesBuildPhase section */
		7DA9157028086CE5003E69BE /* Sources */ = {
			isa = PBXSourcesBuildPhase;
			buildActionMask = 2147483647;
			files = (
				7DA915912808A07C003E69BE /* NetworkDataFetcher.swift in Sources */,
				7DA9157C28086CE5003E69BE /* ViewController.swift in Sources */,
				7DA9158C28086EE0003E69BE /* Heroes.swift in Sources */,
				7DA915932808E2F3003E69BE /* CustomTableViewCell.swift in Sources */,
				7DA9158E28086F15003E69BE /* NetworkManager.swift in Sources */,
				7DA9157828086CE5003E69BE /* AppDelegate.swift in Sources */,
				7DA9157A28086CE5003E69BE /* SceneDelegate.swift in Sources */,
			);
			runOnlyForDeploymentPostprocessing = 0;
		};
/* End PBXSourcesBuildPhase section */

/* Begin PBXVariantGroup section */
		7DA9157D28086CE5003E69BE /* Main.storyboard */ = {
			isa = PBXVariantGroup;
			children = (
				7DA9157E28086CE5003E69BE /* Base */,
			);
			name = Main.storyboard;
			sourceTree = "<group>";
		};
		7DA9158228086CE6003E69BE /* LaunchScreen.storyboard */ = {
			isa = PBXVariantGroup;
			children = (
				7DA9158328086CE6003E69BE /* Base */,
			);
			name = LaunchScreen.storyboard;
			sourceTree = "<group>";
		};
/* End PBXVariantGroup section */

/* Begin XCBuildConfiguration section */
		7DA9158628086CE6003E69BE /* Debug */ = {
			isa = XCBuildConfiguration;
			buildSettings = {
				ALWAYS_SEARCH_USER_PATHS = NO;
				CLANG_ANALYZER_NONNULL = YES;
				CLANG_ANALYZER_NUMBER_OBJECT_CONVERSION = YES_AGGRESSIVE;
				CLANG_CXX_LANGUAGE_STANDARD = "gnu++17";
				CLANG_ENABLE_MODULES = YES;
				CLANG_ENABLE_OBJC_ARC = YES;
				CLANG_ENABLE_OBJC_WEAK = YES;
				CLANG_WARN_BLOCK_CAPTURE_AUTORELEASING = YES;
				CLANG_WARN_BOOL_CONVERSION = YES;
				CLANG_WARN_COMMA = YES;
				CLANG_WARN_CONSTANT_CONVERSION = YES;
				CLANG_WARN_DEPRECATED_OBJC_IMPLEMENTATIONS = YES;
				CLANG_WARN_DIRECT_OBJC_ISA_USAGE = YES_ERROR;
				CLANG_WARN_DOCUMENTATION_COMMENTS = YES;
				CLANG_WARN_EMPTY_BODY = YES;
				CLANG_WARN_ENUM_CONVERSION = YES;
				CLANG_WARN_INFINITE_RECURSION = YES;
				CLANG_WARN_INT_CONVERSION = YES;
				CLANG_WARN_NON_LITERAL_NULL_CONVERSION = YES;
				CLANG_WARN_OBJC_IMPLICIT_RETAIN_SELF = YES;
				CLANG_WARN_OBJC_LITERAL_CONVERSION = YES;
				CLANG_WARN_OBJC_ROOT_CLASS = YES_ERROR;
				CLANG_WARN_QUOTED_INCLUDE_IN_FRAMEWORK_HEADER = YES;
				CLANG_WARN_RANGE_LOOP_ANALYSIS = YES;
				CLANG_WARN_STRICT_PROTOTYPES = YES;
				CLANG_WARN_SUSPICIOUS_MOVE = YES;
				CLANG_WARN_UNGUARDED_AVAILABILITY = YES_AGGRESSIVE;
				CLANG_WARN_UNREACHABLE_CODE = YES;
				CLANG_WARN__DUPLICATE_METHOD_MATCH = YES;
				COPY_PHASE_STRIP = NO;
				DEBUG_INFORMATION_FORMAT = dwarf;
				ENABLE_STRICT_OBJC_MSGSEND = YES;
				ENABLE_TESTABILITY = YES;
				GCC_C_LANGUAGE_STANDARD = gnu11;
				GCC_DYNAMIC_NO_PIC = NO;
				GCC_NO_COMMON_BLOCKS = YES;
				GCC_OPTIMIZATION_LEVEL = 0;
				GCC_PREPROCESSOR_DEFINITIONS = (
					"DEBUG=1",
					"$(inherited)",
				);
				GCC_WARN_64_TO_32_BIT_CONVERSION = YES;
				GCC_WARN_ABOUT_RETURN_TYPE = YES_ERROR;
				GCC_WARN_UNDECLARED_SELECTOR = YES;
				GCC_WARN_UNINITIALIZED_AUTOS = YES_AGGRESSIVE;
				GCC_WARN_UNUSED_FUNCTION = YES;
				GCC_WARN_UNUSED_VARIABLE = YES;
				IPHONEOS_DEPLOYMENT_TARGET = 15.4;
				MTL_ENABLE_DEBUG_INFO = INCLUDE_SOURCE;
				MTL_FAST_MATH = YES;
				ONLY_ACTIVE_ARCH = YES;
				SDKROOT = iphoneos;
				SWIFT_ACTIVE_COMPILATION_CONDITIONS = DEBUG;
				SWIFT_OPTIMIZATION_LEVEL = "-Onone";
			};
			name = Debug;
		};
		7DA9158728086CE6003E69BE /* Release */ = {
			isa = XCBuildConfiguration;
			buildSettings = {
				ALWAYS_SEARCH_USER_PATHS = NO;
				CLANG_ANALYZER_NONNULL = YES;
				CLANG_ANALYZER_NUMBER_OBJECT_CONVERSION = YES_AGGRESSIVE;
				CLANG_CXX_LANGUAGE_STANDARD = "gnu++17";
				CLANG_ENABLE_MODULES = YES;
				CLANG_ENABLE_OBJC_ARC = YES;
				CLANG_ENABLE_OBJC_WEAK = YES;
				CLANG_WARN_BLOCK_CAPTURE_AUTORELEASING = YES;
				CLANG_WARN_BOOL_CONVERSION = YES;
				CLANG_WARN_COMMA = YES;
				CLANG_WARN_CONSTANT_CONVERSION = YES;
				CLANG_WARN_DEPRECATED_OBJC_IMPLEMENTATIONS = YES;
				CLANG_WARN_DIRECT_OBJC_ISA_USAGE = YES_ERROR;
				CLANG_WARN_DOCUMENTATION_COMMENTS = YES;
				CLANG_WARN_EMPTY_BODY = YES;
				CLANG_WARN_ENUM_CONVERSION = YES;
				CLANG_WARN_INFINITE_RECURSION = YES;
				CLANG_WARN_INT_CONVERSION = YES;
				CLANG_WARN_NON_LITERAL_NULL_CONVERSION = YES;
				CLANG_WARN_OBJC_IMPLICIT_RETAIN_SELF = YES;
				CLANG_WARN_OBJC_LITERAL_CONVERSION = YES;
				CLANG_WARN_OBJC_ROOT_CLASS = YES_ERROR;
				CLANG_WARN_QUOTED_INCLUDE_IN_FRAMEWORK_HEADER = YES;
				CLANG_WARN_RANGE_LOOP_ANALYSIS = YES;
				CLANG_WARN_STRICT_PROTOTYPES = YES;
				CLANG_WARN_SUSPICIOUS_MOVE = YES;
				CLANG_WARN_UNGUARDED_AVAILABILITY = YES_AGGRESSIVE;
				CLANG_WARN_UNREACHABLE_CODE = YES;
				CLANG_WARN__DUPLICATE_METHOD_MATCH = YES;
				COPY_PHASE_STRIP = NO;
				DEBUG_INFORMATION_FORMAT = "dwarf-with-dsym";
				ENABLE_NS_ASSERTIONS = NO;
				ENABLE_STRICT_OBJC_MSGSEND = YES;
				GCC_C_LANGUAGE_STANDARD = gnu11;
				GCC_NO_COMMON_BLOCKS = YES;
				GCC_WARN_64_TO_32_BIT_CONVERSION = YES;
				GCC_WARN_ABOUT_RETURN_TYPE = YES_ERROR;
				GCC_WARN_UNDECLARED_SELECTOR = YES;
				GCC_WARN_UNINITIALIZED_AUTOS = YES_AGGRESSIVE;
				GCC_WARN_UNUSED_FUNCTION = YES;
				GCC_WARN_UNUSED_VARIABLE = YES;
				IPHONEOS_DEPLOYMENT_TARGET = 15.4;
				MTL_ENABLE_DEBUG_INFO = NO;
				MTL_FAST_MATH = YES;
				SDKROOT = iphoneos;
				SWIFT_COMPILATION_MODE = wholemodule;
				SWIFT_OPTIMIZATION_LEVEL = "-O";
				VALIDATE_PRODUCT = YES;
			};
			name = Release;
		};
		7DA9158928086CE6003E69BE /* Debug */ = {
			isa = XCBuildConfiguration;
			baseConfigurationReference = 6A46A558F9BCF55A9794CF7B /* Pods-RickAndMorty.debug.xcconfig */;
			buildSettings = {
				ASSETCATALOG_COMPILER_APPICON_NAME = AppIcon;
				ASSETCATALOG_COMPILER_GLOBAL_ACCENT_COLOR_NAME = AccentColor;
				CODE_SIGN_STYLE = Automatic;
				CURRENT_PROJECT_VERSION = 1;
				DEVELOPMENT_TEAM = 89WFJKS8JF;
				GENERATE_INFOPLIST_FILE = YES;
				INFOPLIST_FILE = RickAndMorty/Info.plist;
				INFOPLIST_KEY_UIApplicationSupportsIndirectInputEvents = YES;
				INFOPLIST_KEY_UILaunchStoryboardName = LaunchScreen;
				INFOPLIST_KEY_UIMainStoryboardFile = Main;
				INFOPLIST_KEY_UISupportedInterfaceOrientations_iPad = "UIInterfaceOrientationPortrait UIInterfaceOrientationPortraitUpsideDown UIInterfaceOrientationLandscapeLeft UIInterfaceOrientationLandscapeRight";
				INFOPLIST_KEY_UISupportedInterfaceOrientations_iPhone = "UIInterfaceOrientationPortrait UIInterfaceOrientationLandscapeLeft UIInterfaceOrientationLandscapeRight";
				LD_RUNPATH_SEARCH_PATHS = (
					"$(inherited)",
					"@executable_path/Frameworks",
				);
				MARKETING_VERSION = 1.0;
				PRODUCT_BUNDLE_IDENTIFIER = himik220.RickAndMorty;
				PRODUCT_NAME = "$(TARGET_NAME)";
				SWIFT_EMIT_LOC_STRINGS = YES;
				SWIFT_VERSION = 5.0;
				TARGETED_DEVICE_FAMILY = "1,2";
			};
			name = Debug;
		};
		7DA9158A28086CE6003E69BE /* Release */ = {
			isa = XCBuildConfiguration;
			baseConfigurationReference = EF116FA63D5543C78AEB02F8 /* Pods-RickAndMorty.release.xcconfig */;
			buildSettings = {
				ASSETCATALOG_COMPILER_APPICON_NAME = AppIcon;
				ASSETCATALOG_COMPILER_GLOBAL_ACCENT_COLOR_NAME = AccentColor;
				CODE_SIGN_STYLE = Automatic;
				CURRENT_PROJECT_VERSION = 1;
				DEVELOPMENT_TEAM = 89WFJKS8JF;
				GENERATE_INFOPLIST_FILE = YES;
				INFOPLIST_FILE = RickAndMorty/Info.plist;
				INFOPLIST_KEY_UIApplicationSupportsIndirectInputEvents = YES;
				INFOPLIST_KEY_UILaunchStoryboardName = LaunchScreen;
				INFOPLIST_KEY_UIMainStoryboardFile = Main;
				INFOPLIST_KEY_UISupportedInterfaceOrientations_iPad = "UIInterfaceOrientationPortrait UIInterfaceOrientationPortraitUpsideDown UIInterfaceOrientationLandscapeLeft UIInterfaceOrientationLandscapeRight";
				INFOPLIST_KEY_UISupportedInterfaceOrientations_iPhone = "UIInterfaceOrientationPortrait UIInterfaceOrientationLandscapeLeft UIInterfaceOrientationLandscapeRight";
				LD_RUNPATH_SEARCH_PATHS = (
					"$(inherited)",
					"@executable_path/Frameworks",
				);
				MARKETING_VERSION = 1.0;
				PRODUCT_BUNDLE_IDENTIFIER = himik220.RickAndMorty;
				PRODUCT_NAME = "$(TARGET_NAME)";
				SWIFT_EMIT_LOC_STRINGS = YES;
				SWIFT_VERSION = 5.0;
				TARGETED_DEVICE_FAMILY = "1,2";
			};
			name = Release;
		};
/* End XCBuildConfiguration section */

/* Begin XCConfigurationList section */
		7DA9156F28086CE5003E69BE /* Build configuration list for PBXProject "RickAndMorty" */ = {
			isa = XCConfigurationList;
			buildConfigurations = (
				7DA9158628086CE6003E69BE /* Debug */,
				7DA9158728086CE6003E69BE /* Release */,
			);
			defaultConfigurationIsVisible = 0;
			defaultConfigurationName = Release;
		};
		7DA9158828086CE6003E69BE /* Build configuration list for PBXNativeTarget "RickAndMorty" */ = {
			isa = XCConfigurationList;
			buildConfigurations = (
				7DA9158928086CE6003E69BE /* Debug */,
				7DA9158A28086CE6003E69BE /* Release */,
			);
			defaultConfigurationIsVisible = 0;
			defaultConfigurationName = Release;
		};
/* End XCConfigurationList section */
	};
	rootObject = 7DA9156C28086CE5003E69BE /* Project object */;
}
